{
  "originHash" : "d62ffa7ca213d01031f0b14df49dbc6a17aad3a670d54e1ba0787fcfa69a3578",
  "pins" : [
    {
      "identity" : "snap-core",
      "kind" : "remoteSourceControl",
      "location" : "https://github.com/simonnickel/snap-core.git",
      "state" : {
        "branch" : "main",
        "revision" : "0efa53a390859af07b491be4045257f9a9da77e1"
      }
    },
    {
      "identity" : "snap-matching-navigation",
      "kind" : "remoteSourceControl",
      "location" : "https://github.com/simonnickel/snap-matching-navigation.git",
      "state" : {
        "branch" : "main",
        "revision" : "2aa5f7e3133aaef8ec5f58ac35b5c757f6696ce5"
      }
    },
    {
      "identity" : "snap-settings-service",
      "kind" : "remoteSourceControl",
      "location" : "https://github.com/simonnickel/snap-settings-service.git",
      "state" : {
        "branch" : "main",
        "revision" : "e8e3fd7227a0de88d4b14b072f733cdebc1a34f2"
      }
    },
    {
      "identity" : "snap-theme",
      "kind" : "remoteSourceControl",
      "location" : "https://github.com/simonnickel/snap-theme.git",
      "state" : {
        "branch" : "main",
        "revision" : "f3cfe144e4e1aa2f740025f447ef36195b18f32e"
      }
    }
  ],
  "version" : 3
}
