{
  "originHash" : "d62ffa7ca213d01031f0b14df49dbc6a17aad3a670d54e1ba0787fcfa69a3578",
  "pins" : [
    {
      "identity" : "snap-core",
      "kind" : "remoteSourceControl",
      "location" : "https://github.com/simonnickel/snap-core.git",
      "state" : {
        "branch" : "main",
        "revision" : "faceba1c604613eba974ffc5f8efb78e4387417a"
      }
    },
    {
      "identity" : "snap-matching-navigation",
      "kind" : "remoteSourceControl",
      "location" : "https://github.com/simonnickel/snap-matching-navigation.git",
      "state" : {
        "branch" : "main",
        "revision" : "2aa5f7e3133aaef8ec5f58ac35b5c757f6696ce5"
      }
    },
    {
      "identity" : "snap-settings-service",
      "kind" : "remoteSourceControl",
      "location" : "https://github.com/simonnickel/snap-settings-service.git",
      "state" : {
        "branch" : "main",
        "revision" : "6fa3bd1844e2581f1157ecb96c05ba2637247968"
      }
    },
    {
      "identity" : "snap-theme",
      "kind" : "remoteSourceControl",
      "location" : "https://github.com/simonnickel/snap-theme.git",
      "state" : {
        "branch" : "main",
        "revision" : "c9db4fbf6bce574b98013329bcb149cf4120080d"
      }
    }
  ],
  "version" : 3
}
