{
  "originHash" : "07531678cecb4efa3b45eec1c41226a8ded4e2ebd0abc9821495b426af6ff864",
  "pins" : [
    {
      "identity" : "snap-core",
      "kind" : "remoteSourceControl",
      "location" : "https://github.com/simonnickel/snap-core",
      "state" : {
        "branch" : "main",
        "revision" : "f1dc2e740961f5607c0271bc13ce6d56f00eff20"
      }
    },
    {
      "identity" : "snap-dependencies",
      "kind" : "remoteSourceControl",
      "location" : "https://github.com/simonnickel/snap-dependencies.git",
      "state" : {
        "branch" : "main",
        "revision" : "fe4f1b053fc3c11f86bc088518487a6c4a037b11"
      }
    },
    {
      "identity" : "snap-foundation",
      "kind" : "remoteSourceControl",
      "location" : "https://github.com/simonnickel/snap-foundation",
      "state" : {
        "branch" : "main",
        "revision" : "70686e7b95d1e4cd648746f42ba47416e237b9a7"
      }
    },
    {
      "identity" : "snap-navigation",
      "kind" : "remoteSourceControl",
      "location" : "https://github.com/simonnickel/snap-navigation",
      "state" : {
        "branch" : "main",
        "revision" : "353d6d4a12b1dc49bdc828000d35f387bdc07723"
      }
    },
    {
      "identity" : "snap-settings-service",
      "kind" : "remoteSourceControl",
      "location" : "https://github.com/simonnickel/snap-settings-service",
      "state" : {
        "branch" : "main",
        "revision" : "dc93c9b86ac98432bd536831a9d589423dfd2507"
      }
    },
    {
      "identity" : "snap-swift-data",
      "kind" : "remoteSourceControl",
      "location" : "https://github.com/simonnickel/snap-swift-data",
      "state" : {
        "branch" : "main",
        "revision" : "76e913641443d6b262c25d77b5fc8c8934c30a90"
      }
    },
    {
      "identity" : "snap-theme",
      "kind" : "remoteSourceControl",
      "location" : "https://github.com/simonnickel/snap-theme",
      "state" : {
        "branch" : "main",
        "revision" : "250e7097d5bf95d7a4b60a0f26386c8b9168505c"
      }
    }
  ],
  "version" : 3
}
